{
    "hash": "a835c3125006ae3e193a99350e807913",
    "packages": [
        {
            "name": "zendframework/zend-escaper",
            "version": "2.0.3",
            "target-dir": "Zend/Escaper",
            "dist": {
                "type": "zip",
                "url": "http://packages.zendframework.com/composer/Zend_Escaper-2.0.3.zip",
                "reference": null,
                "shasum": null
            },
            "require": {
                "php": ">=5.3.3"
            },
            "type": "library",
            "installation-source": "dist",
            "autoload": {
                "psr-0": {
                    "Zend\\Escaper\\": ""
                }
            },
            "license": [
                "BSD-3-Clause"
            ],
            "description": " ",
            "homepage": "http://packages.zendframework.com/",
            "keywords": [
                "zf2",
                "escaper"
            ],
            "support": {
                "email": "fw-general-subscribe@lists.zend.com",
                "irc": "irc://irc.freenode.net/zftalk",
                "issues": "https://github.com/zendframework/zf2/issues",
                "source": "https://github.com/zendframework/zf2"
            }
        },
        {
            "name": "zendframework/zend-filter",
            "version": "2.0.3",
            "target-dir": "Zend/Filter",
            "dist": {
                "type": "zip",
                "url": "http://packages.zendframework.com/composer/Zend_Filter-2.0.3.zip",
                "reference": null,
                "shasum": null
            },
            "require": {
                "php": ">=5.3.3"
            },
            "require-dev": {
                "zendframework/zend-crypt": "self.version"
            },
            "suggest": {
                "zendframework/zend-i18n": "Zend\\I18n component",
                "zendframework/zend-validator": "Zend\\Validator component",
                "zendframework/zend-crypt": "Zend\\Crypt component"
            },
            "type": "library",
            "installation-source": "dist",
            "autoload": {
                "psr-0": {
                    "Zend\\Filter\\": ""
                }
            },
            "license": [
                "BSD-3-Clause"
            ],
            "description": "provides a set of commonly needed data filters",
            "homepage": "http://packages.zendframework.com/",
            "keywords": [
                "zf2",
                "filter"
            ],
            "support": {
                "email": "fw-general-subscribe@lists.zend.com",
                "irc": "irc://irc.freenode.net/zftalk",
                "issues": "https://github.com/zendframework/zf2/issues",
                "source": "https://github.com/zendframework/zf2"
            }
        },
        {
            "name": "zendframework/zend-http",
            "version": "2.0.3",
            "target-dir": "Zend/Http",
            "dist": {
                "type": "zip",
                "url": "http://packages.zendframework.com/composer/Zend_Http-2.0.3.zip",
                "reference": null,
                "shasum": null
            },
            "require": {
                "php": ">=5.3.3",
                "zendframework/zend-loader": "self.version",
                "zendframework/zend-stdlib": "self.version",
                "zendframework/zend-uri": "self.version"
            },
            "type": "library",
            "installation-source": "dist",
            "autoload": {
                "psr-0": {
                    "Zend\\Http\\": ""
                }
            },
            "license": [
                "BSD-3-Clause"
            ],
            "description": "provides an easy interface for preforming Hyper-Text Transfer Protocol (HTTP) requests",
            "homepage": "http://packages.zendframework.com/",
            "keywords": [
                "zf2",
                "http"
            ],
            "support": {
                "email": "fw-general-subscribe@lists.zend.com",
                "irc": "irc://irc.freenode.net/zftalk",
                "issues": "https://github.com/zendframework/zf2/issues",
                "source": "https://github.com/zendframework/zf2"
            }
        },
        {
            "name": "zendframework/zend-i18n",
            "version": "2.0.3",
            "target-dir": "Zend/I18n",
            "dist": {
                "type": "zip",
                "url": "http://packages.zendframework.com/composer/Zend_I18n-2.0.3.zip",
                "reference": null,
                "shasum": null
            },
            "require": {
                "php": ">=5.3.3",
                "ext-intl": "*",
                "zendframework/zend-filter": "self.version",
                "zendframework/zend-stdlib": "self.version"
            },
            "type": "library",
            "installation-source": "dist",
            "autoload": {
                "psr-0": {
                    "Zend\\I18n\\": ""
                }
            },
            "license": [
                "BSD-3-Clause"
            ],
            "description": " ",
            "homepage": "http://packages.zendframework.com/",
            "keywords": [
                "zf2",
                "i18n"
            ],
            "support": {
                "email": "fw-general-subscribe@lists.zend.com",
                "irc": "irc://irc.freenode.net/zftalk",
                "issues": "https://github.com/zendframework/zf2/issues",
                "source": "https://github.com/zendframework/zf2"
            }
        },
        {
            "name": "zendframework/zend-json",
            "version": "2.0.3",
            "target-dir": "Zend/Json",
            "dist": {
                "type": "zip",
                "url": "http://packages.zendframework.com/composer/Zend_Json-2.0.3.zip",
                "reference": null,
                "shasum": null
            },
            "require": {
                "php": ">=5.3.3",
                "zendframework/zend-stdlib": "self.version"
            },
            "suggest": {
                "zendframework/zend-server": "Zend\\Server component"
            },
            "type": "library",
            "installation-source": "dist",
            "autoload": {
                "psr-0": {
                    "Zend\\Json\\": ""
                }
            },
            "license": [
                "BSD-3-Clause"
            ],
            "description": "provides convenience methods for serializing native PHP to JSON and decoding JSON to native PHP",
            "homepage": "http://packages.zendframework.com/",
            "keywords": [
                "zf2",
                "json"
            ],
            "support": {
                "email": "fw-general-subscribe@lists.zend.com",
                "irc": "irc://irc.freenode.net/zftalk",
                "issues": "https://github.com/zendframework/zf2/issues",
                "source": "https://github.com/zendframework/zf2"
            }
        },
        {
            "name": "zendframework/zend-loader",
            "version": "2.0.3",
            "target-dir": "Zend/Loader",
            "dist": {
                "type": "zip",
                "url": "http://packages.zendframework.com/composer/Zend_Loader-2.0.3.zip",
                "reference": null,
                "shasum": null
            },
            "require": {
                "php": ">=5.3.3"
            },
            "suggest": {
                "zendframework/zend-stdlib": "Zend\\Stdlib component"
            },
            "type": "library",
            "installation-source": "dist",
            "autoload": {
                "psr-0": {
                    "Zend\\Loader\\": ""
                }
            },
            "license": [
                "BSD-3-Clause"
            ],
            "description": " ",
            "homepage": "http://packages.zendframework.com/",
            "keywords": [
                "zf2",
                "loader"
            ],
            "support": {
                "email": "fw-general-subscribe@lists.zend.com",
                "irc": "irc://irc.freenode.net/zftalk",
                "issues": "https://github.com/zendframework/zf2/issues",
                "source": "https://github.com/zendframework/zf2"
            }
        },
        {
            "name": "zendframework/zend-servicemanager",
            "version": "2.0.3",
            "target-dir": "Zend/ServiceManager",
            "dist": {
                "type": "zip",
                "url": "http://packages.zendframework.com/composer/Zend_ServiceManager-2.0.3.zip",
                "reference": null,
                "shasum": null
            },
            "require": {
                "php": ">=5.3.3"
            },
            "suggest": {
                "zendframework/zend-di": "Zend\\Di component"
            },
            "type": "library",
            "installation-source": "dist",
            "autoload": {
                "psr-0": {
                    "Zend\\ServiceManager\\": ""
                }
            },
            "license": [
                "BSD-3-Clause"
            ],
            "description": " ",
            "homepage": "http://packages.zendframework.com/",
            "keywords": [
                "zf2",
                "servicemanager"
            ],
            "support": {
                "email": "fw-general-subscribe@lists.zend.com",
                "irc": "irc://irc.freenode.net/zftalk",
                "issues": "https://github.com/zendframework/zf2/issues",
                "source": "https://github.com/zendframework/zf2"
            }
        },
        {
            "name": "zendframework/zend-stdlib",
            "version": "2.0.3",
            "target-dir": "Zend/Stdlib",
            "dist": {
                "type": "zip",
                "url": "http://packages.zendframework.com/composer/Zend_Stdlib-2.0.3.zip",
                "reference": null,
                "shasum": null
            },
            "require": {
                "php": ">=5.3.3"
            },
            "suggest": {
                "pecl-weakref": "Implementation of weak references for Stdlib\\CallbackHandler"
            },
            "type": "library",
            "installation-source": "dist",
            "autoload": {
                "psr-0": {
                    "Zend\\Stdlib\\": ""
                }
            },
            "license": [
                "BSD-3-Clause"
            ],
            "description": " ",
            "homepage": "http://packages.zendframework.com/",
            "keywords": [
                "zf2",
                "stdlib"
            ],
            "support": {
                "email": "fw-general-subscribe@lists.zend.com",
                "irc": "irc://irc.freenode.net/zftalk",
                "issues": "https://github.com/zendframework/zf2/issues",
                "source": "https://github.com/zendframework/zf2"
            }
        },
        {
            "name": "zendframework/zend-uri",
            "version": "2.0.3",
            "target-dir": "Zend/Uri",
            "dist": {
                "type": "zip",
                "url": "http://packages.zendframework.com/composer/Zend_Uri-2.0.3.zip",
                "reference": null,
                "shasum": null
            },
            "require": {
                "php": ">=5.3.3",
                "zendframework/zend-escaper": "self.version",
                "zendframework/zend-validator": "self.version"
            },
            "type": "library",
            "installation-source": "dist",
            "autoload": {
                "psr-0": {
                    "Zend\\Uri\\": ""
                }
            },
            "license": [
                "BSD-3-Clause"
            ],
            "description": "a component that aids in manipulating and validating » Uniform Resource Identifiers (URIs)",
            "homepage": "http://packages.zendframework.com/",
            "keywords": [
                "zf2",
                "uri"
            ],
            "support": {
                "email": "fw-general-subscribe@lists.zend.com",
                "irc": "irc://irc.freenode.net/zftalk",
                "issues": "https://github.com/zendframework/zf2/issues",
                "source": "https://github.com/zendframework/zf2"
            }
        },
        {
            "name": "zendframework/zend-validator",
            "version": "2.0.3",
            "target-dir": "Zend/Validator",
            "dist": {
                "type": "zip",
                "url": "http://packages.zendframework.com/composer/Zend_Validator-2.0.3.zip",
                "reference": null,
                "shasum": null
            },
            "require": {
                "php": ">=5.3.3",
                "zendframework/zend-i18n": "self.version",
                "zendframework/zend-servicemanager": "self.version",
                "zendframework/zend-stdlib": "self.version"
            },
            "require-dev": {
                "zendframework/zend-math": "self.version"
            },
            "suggest": {
                "zendframework/zend-db": "Zend\\Db component",
                "zendframework/zend-math": "Zend\\Math component"
            },
            "type": "library",
            "installation-source": "dist",
            "autoload": {
                "psr-0": {
                    "Zend\\Validator\\": ""
                }
            },
            "license": [
                "BSD-3-Clause"
            ],
            "description": "provides a set of commonly needed validators",
            "homepage": "http://packages.zendframework.com/",
            "keywords": [
                "zf2",
                "validator"
            ],
            "support": {
                "email": "fw-general-subscribe@lists.zend.com",
                "irc": "irc://irc.freenode.net/zftalk",
                "issues": "https://github.com/zendframework/zf2/issues",
                "source": "https://github.com/zendframework/zf2"
            }
        }
    ],
    "packages-dev": null,
    "aliases": [

    ],
    "minimum-stability": "beta",
    "stability-flags": [

    ]
}
